
Microsoft Visual Studio Solution File, Format Version 12.00
# Visual Studio Version 16
VisualStudioVersion = 16.0.32413.511
MinimumVisualStudioVersion = 10.0.40219.1
Project("{FAE04EC0-301F-11D3-BF4B-00C04F79EFBC}") = "NET ININ4_PR1.2 z4", "NET ININ4_PR1.2 z4.csproj", "{B74B7BCB-45E7-4802-934B-39F1F0131898}"
EndProject
Global
	GlobalSection(SolutionConfigurationPlatforms) = preSolution
		Debug|Any CPU = Debug|Any CPU
		Release|Any CPU = Release|Any CPU
	EndGlobalSection
	GlobalSection(ProjectConfigurationPlatforms) = postSolution
		{B74B7BCB-45E7-4802-934B-39F1F0131898}.Debug|Any CPU.ActiveCfg = Debug|Any CPU
		{B74B7BCB-45E7-4802-934B-39F1F0131898}.Debug|Any CPU.Build.0 = Debug|Any CPU
		{B74B7BCB-45E7-4802-934B-39F1F0131898}.Release|Any CPU.ActiveCfg = Release|Any CPU
		{B74B7BCB-45E7-4802-934B-39F1F0131898}.Release|Any CPU.Build.0 = Release|Any CPU
	EndGlobalSection
	GlobalSection(SolutionProperties) = preSolution
		HideSolutionNode = FALSE
	EndGlobalSection
	GlobalSection(ExtensibilityGlobals) = postSolution
		SolutionGuid = {92BD8552-A272-46A3-B30F-93AC68E51074}
	EndGlobalSection
EndGlobal
